{
    "name": "laraconf",
    "lockfileVersion": 3,
    "requires": true,
    "packages": {
        "": {
            "devDependencies": {
                "axios": "^1.1.2",
                "laravel-vite-plugin": "^0.8.0",
                "vite": "^4.0.0"
            }
        },
        "node_modules/@esbuild/darwin-x64": {
            "version": "0.18.20",
            "cpu": [
                "x64"
            ],
            "dev": true,
            "license": "MIT",
            "optional": true,
            "os": [
                "darwin"
            ],
            "engines": {
                "node": ">=12"
            }
        },
        "node_modules/asynckit": {
            "version": "0.4.0",
            "dev": true,
            "license": "MIT"
        },
        "node_modules/axios": {
            "version": "1.5.0",
            "dev": true,
            "license": "MIT",
            "dependencies": {
                "follow-redirects": "^1.15.0",
                "form-data": "^4.0.0",
                "proxy-from-env": "^1.1.0"
            }
        },
        "node_modules/combined-stream": {
            "version": "1.0.8",
            "dev": true,
            "license": "MIT",
            "dependencies": {
                "delayed-stream": "~1.0.0"
            },
            "engines": {
                "node": ">= 0.8"
            }
        },
        "node_modules/delayed-stream": {
            "version": "1.0.0",
            "dev": true,
            "license": "MIT",
            "engines": {
                "node": ">=0.4.0"
            }
        },
        "node_modules/esbuild": {
            "version": "0.18.20",
            "dev": true,
            "hasInstallScript": true,
            "license": "MIT",
            "bin": {
                "esbuild": "bin/esbuild"
            },
            "engines": {
                "node": ">=12"
            },
            "optionalDependencies": {
                "@esbuild/android-arm": "0.18.20",
                "@esbuild/android-arm64": "0.18.20",
                "@esbuild/android-x64": "0.18.20",
                "@esbuild/darwin-arm64": "0.18.20",
                "@esbuild/darwin-x64": "0.18.20",
                "@esbuild/freebsd-arm64": "0.18.20",
                "@esbuild/freebsd-x64": "0.18.20",
                "@esbuild/linux-arm": "0.18.20",
                "@esbuild/linux-arm64": "0.18.20",
                "@esbuild/linux-ia32": "0.18.20",
                "@esbuild/linux-loong64": "0.18.20",
                "@esbuild/linux-mips64el": "0.18.20",
                "@esbuild/linux-ppc64": "0.18.20",
                "@esbuild/linux-riscv64": "0.18.20",
                "@esbuild/linux-s390x": "0.18.20",
                "@esbuild/linux-x64": "0.18.20",
                "@esbuild/netbsd-x64": "0.18.20",
                "@esbuild/openbsd-x64": "0.18.20",
                "@esbuild/sunos-x64": "0.18.20",
                "@esbuild/win32-arm64": "0.18.20",
                "@esbuild/win32-ia32": "0.18.20",
                "@esbuild/win32-x64": "0.18.20"
            }
        },
        "node_modules/follow-redirects": {
            "version": "1.15.3",
            "dev": true,
            "funding": [
                {
                    "type": "individual",
                    "url": "https://github.com/sponsors/RubenVerborgh"
                }
            ],
            "license": "MIT",
            "engines": {
                "node": ">=4.0"
            },
            "peerDependenciesMeta": {
                "debug": {
                    "optional": true
                }
            }
        },
        "node_modules/form-data": {
            "version": "4.0.0",
            "dev": true,
            "license": "MIT",
            "dependencies": {
                "asynckit": "^0.4.0",
                "combined-stream": "^1.0.8",
                "mime-types": "^2.1.12"
            },
            "engines": {
                "node": ">= 6"
            }
        },
        "node_modules/fsevents": {
            "version": "2.3.3",
            "dev": true,
            "license": "MIT",
            "optional": true,
            "os": [
                "darwin"
            ],
            "engines": {
                "node": "^8.16.0 || ^10.6.0 || >=11.0.0"
            }
        },
        "node_modules/laravel-vite-plugin": {
            "version": "0.8.0",
            "dev": true,
            "license": "MIT",
            "dependencies": {
                "picocolors": "^1.0.0",
                "vite-plugin-full-reload": "^1.0.5"
            },
            "engines": {
                "node": ">=14"
            },
            "peerDependencies": {
                "vite": "^3.0.0 || ^4.0.0"
            }
        },
        "node_modules/mime-db": {
            "version": "1.52.0",
            "dev": true,
            "license": "MIT",
            "engines": {
                "node": ">= 0.6"
            }
        },
        "node_modules/mime-types": {
            "version": "2.1.35",
            "dev": true,
            "license": "MIT",
            "dependencies": {
                "mime-db": "1.52.0"
            },
            "engines": {
                "node": ">= 0.6"
            }
        },
        "node_modules/nanoid": {
            "version": "3.3.6",
            "dev": true,
            "funding": [
                {
                    "type": "github",
                    "url": "https://github.com/sponsors/ai"
                }
            ],
            "license": "MIT",
            "bin": {
                "nanoid": "bin/nanoid.cjs"
            },
            "engines": {
                "node": "^10 || ^12 || ^13.7 || ^14 || >=15.0.1"
            }
        },
        "node_modules/picocolors": {
            "version": "1.0.0",
            "dev": true,
            "license": "ISC"
        },
        "node_modules/picomatch": {
            "version": "2.3.1",
            "dev": true,
            "license": "MIT",
            "engines": {
                "node": ">=8.6"
            },
            "funding": {
                "url": "https://github.com/sponsors/jonschlinkert"
            }
        },
        "node_modules/postcss": {
            "version": "8.4.30",
            "dev": true,
            "funding": [
                {
                    "type": "opencollective",
                    "url": "https://opencollective.com/postcss/"
                },
                {
                    "type": "tidelift",
                    "url": "https://tidelift.com/funding/github/npm/postcss"
                },
                {
                    "type": "github",
                    "url": "https://github.com/sponsors/ai"
                }
            ],
            "license": "MIT",
            "dependencies": {
                "nanoid": "^3.3.6",
                "picocolors": "^1.0.0",
                "source-map-js": "^1.0.2"
            },
            "engines": {
                "node": "^10 || ^12 || >=14"
            }
        },
        "node_modules/proxy-from-env": {
            "version": "1.1.0",
            "dev": true,
            "license": "MIT"
        },
        "node_modules/rollup": {
            "version": "3.29.3",
            "dev": true,
            "license": "MIT",
            "bin": {
                "rollup": "dist/bin/rollup"
            },
            "engines": {
                "node": ">=14.18.0",
                "npm": ">=8.0.0"
            },
            "optionalDependencies": {
                "fsevents": "~2.3.2"
            }
        },
        "node_modules/source-map-js": {
            "version": "1.0.2",
            "dev": true,
            "license": "BSD-3-Clause",
            "engines": {
                "node": ">=0.10.0"
            }
        },
        "node_modules/vite": {
            "version": "4.4.9",
            "dev": true,
            "license": "MIT",
            "dependencies": {
                "esbuild": "^0.18.10",
                "postcss": "^8.4.27",
                "rollup": "^3.27.1"
            },
            "bin": {
                "vite": "bin/vite.js"
            },
            "engines": {
                "node": "^14.18.0 || >=16.0.0"
            },
            "funding": {
                "url": "https://github.com/vitejs/vite?sponsor=1"
            },
            "optionalDependencies": {
                "fsevents": "~2.3.2"
            },
            "peerDependencies": {
                "@types/node": ">= 14",
                "less": "*",
                "lightningcss": "^1.21.0",
                "sass": "*",
                "stylus": "*",
                "sugarss": "*",
                "terser": "^5.4.0"
            },
            "peerDependenciesMeta": {
                "@types/node": {
                    "optional": true
                },
                "less": {
                    "optional": true
                },
                "lightningcss": {
                    "optional": true
                },
                "sass": {
                    "optional": true
                },
                "stylus": {
                    "optional": true
                },
                "sugarss": {
                    "optional": true
                },
                "terser": {
                    "optional": true
                }
            }
        },
        "node_modules/vite-plugin-full-reload": {
            "version": "1.0.5",
            "dev": true,
            "license": "MIT",
            "dependencies": {
                "picocolors": "^1.0.0",
                "picomatch": "^2.3.1"
            },
            "peerDependencies": {
                "vite": "^2 || ^3 || ^4"
            }
        }
    }
}
